
Microsoft Visual Studio Solution File, Format Version 12.00
# Visual Studio Version 17
VisualStudioVersion = 17.3.32929.385
MinimumVisualStudioVersion = 10.0.40219.1
Project("{8BC9CEB8-8B4A-11D0-8D11-00A0C91BC942}") = "reverse", "reverse\reverse.vcxproj", "{AFA2384C-5EE7-42EF-ACBD-0394F0A8AE8F}"
EndProject
Global
	GlobalSection(SolutionConfigurationPlatforms) = preSolution
		Debug|x64 = Debug|x64
		Debug|x86 = Debug|x86
		Release|x64 = Release|x64
		Release|x86 = Release|x86
	EndGlobalSection
	GlobalSection(ProjectConfigurationPlatforms) = postSolution
		{AFA2384C-5EE7-42EF-ACBD-0394F0A8AE8F}.Debug|x64.ActiveCfg = Debug|x64
		{AFA2384C-5EE7-42EF-ACBD-0394F0A8AE8F}.Debug|x64.Build.0 = Debug|x64
		{AFA2384C-5EE7-42EF-ACBD-0394F0A8AE8F}.Debug|x86.ActiveCfg = Debug|Win32
		{AFA2384C-5EE7-42EF-ACBD-0394F0A8AE8F}.Debug|x86.Build.0 = Debug|Win32
		{AFA2384C-5EE7-42EF-ACBD-0394F0A8AE8F}.Release|x64.ActiveCfg = Release|x64
		{AFA2384C-5EE7-42EF-ACBD-0394F0A8AE8F}.Release|x64.Build.0 = Release|x64
		{AFA2384C-5EE7-42EF-ACBD-0394F0A8AE8F}.Release|x86.ActiveCfg = Release|Win32
		{AFA2384C-5EE7-42EF-ACBD-0394F0A8AE8F}.Release|x86.Build.0 = Release|Win32
	EndGlobalSection
	GlobalSection(SolutionProperties) = preSolution
		HideSolutionNode = FALSE
	EndGlobalSection
	GlobalSection(ExtensibilityGlobals) = postSolution
		SolutionGuid = {E39E6D61-A15B-4C17-A369-B0FE0FEE642C}
	EndGlobalSection
EndGlobal
