
Microsoft Visual Studio Solution File, Format Version 12.00
# Visual Studio Version 17
VisualStudioVersion = 17.3.32929.385
MinimumVisualStudioVersion = 10.0.40219.1
Project("{8BC9CEB8-8B4A-11D0-8D11-00A0C91BC942}") = "treefromfile", "treefromfile\treefromfile.vcxproj", "{721892A5-CE14-47BA-85E1-3E7C0FD72AF8}"
EndProject
Global
	GlobalSection(SolutionConfigurationPlatforms) = preSolution
		Debug|x64 = Debug|x64
		Debug|x86 = Debug|x86
		Release|x64 = Release|x64
		Release|x86 = Release|x86
	EndGlobalSection
	GlobalSection(ProjectConfigurationPlatforms) = postSolution
		{721892A5-CE14-47BA-85E1-3E7C0FD72AF8}.Debug|x64.ActiveCfg = Debug|x64
		{721892A5-CE14-47BA-85E1-3E7C0FD72AF8}.Debug|x64.Build.0 = Debug|x64
		{721892A5-CE14-47BA-85E1-3E7C0FD72AF8}.Debug|x86.ActiveCfg = Debug|Win32
		{721892A5-CE14-47BA-85E1-3E7C0FD72AF8}.Debug|x86.Build.0 = Debug|Win32
		{721892A5-CE14-47BA-85E1-3E7C0FD72AF8}.Release|x64.ActiveCfg = Release|x64
		{721892A5-CE14-47BA-85E1-3E7C0FD72AF8}.Release|x64.Build.0 = Release|x64
		{721892A5-CE14-47BA-85E1-3E7C0FD72AF8}.Release|x86.ActiveCfg = Release|Win32
		{721892A5-CE14-47BA-85E1-3E7C0FD72AF8}.Release|x86.Build.0 = Release|Win32
	EndGlobalSection
	GlobalSection(SolutionProperties) = preSolution
		HideSolutionNode = FALSE
	EndGlobalSection
	GlobalSection(ExtensibilityGlobals) = postSolution
		SolutionGuid = {5B8DBA7B-4761-4321-8B63-3F4EE82AFCB4}
	EndGlobalSection
EndGlobal
