
Microsoft Visual Studio Solution File, Format Version 12.00
# Visual Studio Version 17
VisualStudioVersion = 17.3.32929.385
MinimumVisualStudioVersion = 10.0.40219.1
Project("{8BC9CEB8-8B4A-11D0-8D11-00A0C91BC942}") = "componeneti_connesse", "componeneti_connesse.vcxproj", "{BF352513-F891-401E-AA7F-D3412B26053F}"
EndProject
Global
	GlobalSection(SolutionConfigurationPlatforms) = preSolution
		Debug|x64 = Debug|x64
		Debug|x86 = Debug|x86
		Release|x64 = Release|x64
		Release|x86 = Release|x86
	EndGlobalSection
	GlobalSection(ProjectConfigurationPlatforms) = postSolution
		{BF352513-F891-401E-AA7F-D3412B26053F}.Debug|x64.ActiveCfg = Debug|x64
		{BF352513-F891-401E-AA7F-D3412B26053F}.Debug|x64.Build.0 = Debug|x64
		{BF352513-F891-401E-AA7F-D3412B26053F}.Debug|x86.ActiveCfg = Debug|Win32
		{BF352513-F891-401E-AA7F-D3412B26053F}.Debug|x86.Build.0 = Debug|Win32
		{BF352513-F891-401E-AA7F-D3412B26053F}.Release|x64.ActiveCfg = Release|x64
		{BF352513-F891-401E-AA7F-D3412B26053F}.Release|x64.Build.0 = Release|x64
		{BF352513-F891-401E-AA7F-D3412B26053F}.Release|x86.ActiveCfg = Release|Win32
		{BF352513-F891-401E-AA7F-D3412B26053F}.Release|x86.Build.0 = Release|Win32
	EndGlobalSection
	GlobalSection(SolutionProperties) = preSolution
		HideSolutionNode = FALSE
	EndGlobalSection
	GlobalSection(ExtensibilityGlobals) = postSolution
		SolutionGuid = {1A6584EB-B7DA-420C-91FE-7B84DC5306E9}
	EndGlobalSection
EndGlobal
