
Microsoft Visual Studio Solution File, Format Version 12.00
# Visual Studio Version 17
VisualStudioVersion = 17.3.32929.385
MinimumVisualStudioVersion = 10.0.40219.1
Project("{8BC9CEB8-8B4A-11D0-8D11-00A0C91BC942}") = "any_loop", "any_loop.vcxproj", "{F2818357-61C1-4624-898B-A16D38A8734C}"
EndProject
Global
	GlobalSection(SolutionConfigurationPlatforms) = preSolution
		Debug|x64 = Debug|x64
		Debug|x86 = Debug|x86
		Release|x64 = Release|x64
		Release|x86 = Release|x86
	EndGlobalSection
	GlobalSection(ProjectConfigurationPlatforms) = postSolution
		{F2818357-61C1-4624-898B-A16D38A8734C}.Debug|x64.ActiveCfg = Debug|x64
		{F2818357-61C1-4624-898B-A16D38A8734C}.Debug|x64.Build.0 = Debug|x64
		{F2818357-61C1-4624-898B-A16D38A8734C}.Debug|x86.ActiveCfg = Debug|Win32
		{F2818357-61C1-4624-898B-A16D38A8734C}.Debug|x86.Build.0 = Debug|Win32
		{F2818357-61C1-4624-898B-A16D38A8734C}.Release|x64.ActiveCfg = Release|x64
		{F2818357-61C1-4624-898B-A16D38A8734C}.Release|x64.Build.0 = Release|x64
		{F2818357-61C1-4624-898B-A16D38A8734C}.Release|x86.ActiveCfg = Release|Win32
		{F2818357-61C1-4624-898B-A16D38A8734C}.Release|x86.Build.0 = Release|Win32
	EndGlobalSection
	GlobalSection(SolutionProperties) = preSolution
		HideSolutionNode = FALSE
	EndGlobalSection
	GlobalSection(ExtensibilityGlobals) = postSolution
		SolutionGuid = {5C67B363-1C0E-4438-9582-F7F550EFDE0B}
	EndGlobalSection
EndGlobal
