
Microsoft Visual Studio Solution File, Format Version 12.00
# Visual Studio Version 17
VisualStudioVersion = 17.3.32929.385
MinimumVisualStudioVersion = 10.0.40219.1
Project("{8BC9CEB8-8B4A-11D0-8D11-00A0C91BC942}") = "pow2", "pow2.vcxproj", "{5B9D78D7-75CB-4EDC-9FA8-E15614579191}"
EndProject
Global
	GlobalSection(SolutionConfigurationPlatforms) = preSolution
		Debug|x64 = Debug|x64
		Debug|x86 = Debug|x86
		Release|x64 = Release|x64
		Release|x86 = Release|x86
	EndGlobalSection
	GlobalSection(ProjectConfigurationPlatforms) = postSolution
		{5B9D78D7-75CB-4EDC-9FA8-E15614579191}.Debug|x64.ActiveCfg = Debug|x64
		{5B9D78D7-75CB-4EDC-9FA8-E15614579191}.Debug|x64.Build.0 = Debug|x64
		{5B9D78D7-75CB-4EDC-9FA8-E15614579191}.Debug|x86.ActiveCfg = Debug|Win32
		{5B9D78D7-75CB-4EDC-9FA8-E15614579191}.Debug|x86.Build.0 = Debug|Win32
		{5B9D78D7-75CB-4EDC-9FA8-E15614579191}.Release|x64.ActiveCfg = Release|x64
		{5B9D78D7-75CB-4EDC-9FA8-E15614579191}.Release|x64.Build.0 = Release|x64
		{5B9D78D7-75CB-4EDC-9FA8-E15614579191}.Release|x86.ActiveCfg = Release|Win32
		{5B9D78D7-75CB-4EDC-9FA8-E15614579191}.Release|x86.Build.0 = Release|Win32
	EndGlobalSection
	GlobalSection(SolutionProperties) = preSolution
		HideSolutionNode = FALSE
	EndGlobalSection
	GlobalSection(ExtensibilityGlobals) = postSolution
		SolutionGuid = {B91C64E3-690A-4594-989E-B45689DD00BF}
	EndGlobalSection
EndGlobal
